// !$*UTF8*$!
{
	archiveVersion = 1;
	classes = {
	};
	objectVersion = 46;
	objects = {

/* Begin PBXBuildFile section */
		3E6708891D3453D8006A5197 /* Hero.sks in Resources */ = {isa = PBXBuildFile; fileRef = 3E6708881D3453D8006A5197 /* Hero.sks */; };
		3E9DE0FD1D3423A3007B6C87 /* AppDelegate.swift in Sources */ = {isa = PBXBuildFile; fileRef = 3E9DE0FC1D3423A3007B6C87 /* AppDelegate.swift */; };
		3E9DE0FF1D3423A3007B6C87 /* GameScene.sks in Resources */ = {isa = PBXBuildFile; fileRef = 3E9DE0FE1D3423A3007B6C87 /* GameScene.sks */; };
		3E9DE1011D3423A3007B6C87 /* GameScene.swift in Sources */ = {isa = PBXBuildFile; fileRef = 3E9DE1001D3423A3007B6C87 /* GameScene.swift */; };
		3E9DE1031D3423A3007B6C87 /* GameViewController.swift in Sources */ = {isa = PBXBuildFile; fileRef = 3E9DE1021D3423A3007B6C87 /* GameViewController.swift */; };
		3E9DE1061D3423A3007B6C87 /* Main.storyboard in Resources */ = {isa = PBXBuildFile; fileRef = 3E9DE1041D3423A3007B6C87 /* Main.storyboard */; };
		3E9DE1081D3423A3007B6C87 /* Assets.xcassets in Resources */ = {isa = PBXBuildFile; fileRef = 3E9DE1071D3423A3007B6C87 /* Assets.xcassets */; };
		3E9DE10B1D3423A3007B6C87 /* LaunchScreen.storyboard in Resources */ = {isa = PBXBuildFile; fileRef = 3E9DE1091D3423A3007B6C87 /* LaunchScreen.storyboard */; };
		3E9DE1151D3424EA007B6C87 /* sfx_flap.caf in Resources */ = {isa = PBXBuildFile; fileRef = 3E9DE1131D3424EA007B6C87 /* sfx_flap.caf */; };
		3E9DE1161D3424EA007B6C87 /* sfx_goal.caf in Resources */ = {isa = PBXBuildFile; fileRef = 3E9DE1141D3424EA007B6C87 /* sfx_goal.caf */; };
		3EBA52021D35B862007227E5 /* CGFloat+Extensions.swift in Sources */ = {isa = PBXBuildFile; fileRef = 3EBA52011D35B862007227E5 /* CGFloat+Extensions.swift */; };
/* End PBXBuildFile section */

/* Begin PBXFileReference section */
		3E6708881D3453D8006A5197 /* Hero.sks */ = {isa = PBXFileReference; lastKnownFileType = file.sks; name = Hero.sks; path = ../Hero.sks; sourceTree = "<group>"; };
		3E9DE0F91D3423A3007B6C87 /* HoppyBunny.app */ = {isa = PBXFileReference; explicitFileType = wrapper.application; includeInIndex = 0; path = HoppyBunny.app; sourceTree = BUILT_PRODUCTS_DIR; };
		3E9DE0FC1D3423A3007B6C87 /* AppDelegate.swift */ = {isa = PBXFileReference; lastKnownFileType = sourcecode.swift; path = AppDelegate.swift; sourceTree = "<group>"; };
		3E9DE0FE1D3423A3007B6C87 /* GameScene.sks */ = {isa = PBXFileReference; lastKnownFileType = file.sks; path = GameScene.sks; sourceTree = "<group>"; };
		3E9DE1001D3423A3007B6C87 /* GameScene.swift */ = {isa = PBXFileReference; lastKnownFileType = sourcecode.swift; path = GameScene.swift; sourceTree = "<group>"; };
		3E9DE1021D3423A3007B6C87 /* GameViewController.swift */ = {isa = PBXFileReference; lastKnownFileType = sourcecode.swift; path = GameViewController.swift; sourceTree = "<group>"; };
		3E9DE1051D3423A3007B6C87 /* Base */ = {isa = PBXFileReference; lastKnownFileType = file.storyboard; name = Base; path = Base.lproj/Main.storyboard; sourceTree = "<group>"; };
		3E9DE1071D3423A3007B6C87 /* Assets.xcassets */ = {isa = PBXFileReference; lastKnownFileType = folder.assetcatalog; path = Assets.xcassets; sourceTree = "<group>"; };
		3E9DE10A1D3423A3007B6C87 /* Base */ = {isa = PBXFileReference; lastKnownFileType = file.storyboard; name = Base; path = Base.lproj/LaunchScreen.storyboard; sourceTree = "<group>"; };
		3E9DE10C1D3423A3007B6C87 /* Info.plist */ = {isa = PBXFileReference; lastKnownFileType = text.plist.xml; path = Info.plist; sourceTree = "<group>"; };
		3E9DE1131D3424EA007B6C87 /* sfx_flap.caf */ = {isa = PBXFileReference; lastKnownFileType = file; path = sfx_flap.caf; sourceTree = "<group>"; };
		3E9DE1141D3424EA007B6C87 /* sfx_goal.caf */ = {isa = PBXFileReference; lastKnownFileType = file; path = sfx_goal.caf; sourceTree = "<group>"; };
		3EBA52011D35B862007227E5 /* CGFloat+Extensions.swift */ = {isa = PBXFileReference; fileEncoding = 4; lastKnownFileType = sourcecode.swift; path = "CGFloat+Extensions.swift"; sourceTree = "<group>"; };
/* End PBXFileReference section */

/* Begin PBXFrameworksBuildPhase section */
		3E9DE0F61D3423A3007B6C87 /* Frameworks */ = {
			isa = PBXFrameworksBuildPhase;
			buildActionMask = 2147483647;
			files = (
			);
			runOnlyForDeploymentPostprocessing = 0;
		};
/* End PBXFrameworksBuildPhase section */

/* Begin PBXGroup section */
		3E9DE0F01D3423A3007B6C87 = {
			isa = PBXGroup;
			children = (
				3E9DE0FB1D3423A3007B6C87 /* HoppyBunny */,
				3E9DE0FA1D3423A3007B6C87 /* Products */,
			);
			sourceTree = "<group>";
		};
		3E9DE0FA1D3423A3007B6C87 /* Products */ = {
			isa = PBXGroup;
			children = (
				3E9DE0F91D3423A3007B6C87 /* HoppyBunny.app */,
			);
			name = Products;
			sourceTree = "<group>";
		};
		3E9DE0FB1D3423A3007B6C87 /* HoppyBunny */ = {
			isa = PBXGroup;
			children = (
				3E6708881D3453D8006A5197 /* Hero.sks */,
				3E9DE0FC1D3423A3007B6C87 /* AppDelegate.swift */,
				3EBA52011D35B862007227E5 /* CGFloat+Extensions.swift */,
				3E9DE0FE1D3423A3007B6C87 /* GameScene.sks */,
				3E9DE1001D3423A3007B6C87 /* GameScene.swift */,
				3E9DE1021D3423A3007B6C87 /* GameViewController.swift */,
				3E9DE1041D3423A3007B6C87 /* Main.storyboard */,
				3E9DE1121D3424EA007B6C87 /* SFX */,
				3E9DE1071D3423A3007B6C87 /* Assets.xcassets */,
				3E9DE1091D3423A3007B6C87 /* LaunchScreen.storyboard */,
				3E9DE10C1D3423A3007B6C87 /* Info.plist */,
			);
			path = HoppyBunny;
			sourceTree = "<group>";
		};
		3E9DE1121D3424EA007B6C87 /* SFX */ = {
			isa = PBXGroup;
			children = (
				3E9DE1131D3424EA007B6C87 /* sfx_flap.caf */,
				3E9DE1141D3424EA007B6C87 /* sfx_goal.caf */,
			);
			path = SFX;
			sourceTree = "<group>";
		};
/* End PBXGroup section */

/* Begin PBXNativeTarget section */
		3E9DE0F81D3423A3007B6C87 /* HoppyBunny */ = {
			isa = PBXNativeTarget;
			buildConfigurationList = 3E9DE10F1D3423A3007B6C87 /* Build configuration list for PBXNativeTarget "HoppyBunny" */;
			buildPhases = (
				3E9DE0F51D3423A3007B6C87 /* Sources */,
				3E9DE0F61D3423A3007B6C87 /* Frameworks */,
				3E9DE0F71D3423A3007B6C87 /* Resources */,
			);
			buildRules = (
			);
			dependencies = (
			);
			name = HoppyBunny;
			productName = HoppyBunny;
			productReference = 3E9DE0F91D3423A3007B6C87 /* HoppyBunny.app */;
			productType = "com.apple.product-type.application";
		};
/* End PBXNativeTarget section */

/* Begin PBXProject section */
		3E9DE0F11D3423A3007B6C87 /* Project object */ = {
			isa = PBXProject;
			attributes = {
				LastSwiftUpdateCheck = 0730;
				LastUpgradeCheck = 0730;
				ORGANIZATIONNAME = "Linda Brown";
				TargetAttributes = {
					3E9DE0F81D3423A3007B6C87 = {
						CreatedOnToolsVersion = 7.3.1;
						DevelopmentTeam = C8EMS8UPGF;
					};
				};
			};
			buildConfigurationList = 3E9DE0F41D3423A3007B6C87 /* Build configuration list for PBXProject "HoppyBunny" */;
			compatibilityVersion = "Xcode 3.2";
			developmentRegion = English;
			hasScannedForEncodings = 0;
			knownRegions = (
				en,
				Base,
			);
			mainGroup = 3E9DE0F01D3423A3007B6C87;
			productRefGroup = 3E9DE0FA1D3423A3007B6C87 /* Products */;
			projectDirPath = "";
			projectRoot = "";
			targets = (
				3E9DE0F81D3423A3007B6C87 /* HoppyBunny */,
			);
		};
/* End PBXProject section */

/* Begin PBXResourcesBuildPhase section */
		3E9DE0F71D3423A3007B6C87 /* Resources */ = {
			isa = PBXResourcesBuildPhase;
			buildActionMask = 2147483647;
			files = (
				3E9DE0FF1D3423A3007B6C87 /* GameScene.sks in Resources */,
				3E9DE1151D3424EA007B6C87 /* sfx_flap.caf in Resources */,
				3E9DE10B1D3423A3007B6C87 /* LaunchScreen.storyboard in Resources */,
				3E6708891D3453D8006A5197 /* Hero.sks in Resources */,
				3E9DE1081D3423A3007B6C87 /* Assets.xcassets in Resources */,
				3E9DE1061D3423A3007B6C87 /* Main.storyboard in Resources */,
				3E9DE1161D3424EA007B6C87 /* sfx_goal.caf in Resources */,
			);
			runOnlyForDeploymentPostprocessing = 0;
		};
/* End PBXResourcesBuildPhase section */

/* Begin PBXSourcesBuildPhase section */
		3E9DE0F51D3423A3007B6C87 /* Sources */ = {
			isa = PBXSourcesBuildPhase;
			buildActionMask = 2147483647;
			files = (
				3E9DE1011D3423A3007B6C87 /* GameScene.swift in Sources */,
				3E9DE1031D3423A3007B6C87 /* GameViewController.swift in Sources */,
				3EBA52021D35B862007227E5 /* CGFloat+Extensions.swift in Sources */,
				3E9DE0FD1D3423A3007B6C87 /* AppDelegate.swift in Sources */,
			);
			runOnlyForDeploymentPostprocessing = 0;
		};
/* End PBXSourcesBuildPhase section */

/* Begin PBXVariantGroup section */
		3E9DE1041D3423A3007B6C87 /* Main.storyboard */ = {
			isa = PBXVariantGroup;
			children = (
				3E9DE1051D3423A3007B6C87 /* Base */,
			);
			name = Main.storyboard;
			sourceTree = "<group>";
		};
		3E9DE1091D3423A3007B6C87 /* LaunchScreen.storyboard */ = {
			isa = PBXVariantGroup;
			children = (
				3E9DE10A1D3423A3007B6C87 /* Base */,
			);
			name = LaunchScreen.storyboard;
			sourceTree = "<group>";
		};
/* End PBXVariantGroup section */

/* Begin XCBuildConfiguration section */
		3E9DE10D1D3423A3007B6C87 /* Debug */ = {
			isa = XCBuildConfiguration;
			buildSettings = {
				ALWAYS_SEARCH_USER_PATHS = NO;
				CLANG_ANALYZER_NONNULL = YES;
				CLANG_CXX_LANGUAGE_STANDARD = "gnu++0x";
				CLANG_CXX_LIBRARY = "libc++";
				CLANG_ENABLE_MODULES = YES;
				CLANG_ENABLE_OBJC_ARC = YES;
				CLANG_WARN_BOOL_CONVERSION = YES;
				CLANG_WARN_CONSTANT_CONVERSION = YES;
				CLANG_WARN_DIRECT_OBJC_ISA_USAGE = YES_ERROR;
				CLANG_WARN_EMPTY_BODY = YES;
				CLANG_WARN_ENUM_CONVERSION = YES;
				CLANG_WARN_INT_CONVERSION = YES;
				CLANG_WARN_OBJC_ROOT_CLASS = YES_ERROR;
				CLANG_WARN_UNREACHABLE_CODE = YES;
				CLANG_WARN__DUPLICATE_METHOD_MATCH = YES;
				"CODE_SIGN_IDENTITY[sdk=iphoneos*]" = "iPhone Developer";
				COPY_PHASE_STRIP = NO;
				DEBUG_INFORMATION_FORMAT = "dwarf-with-dsym";
				ENABLE_STRICT_OBJC_MSGSEND = YES;
				ENABLE_TESTABILITY = YES;
				GCC_C_LANGUAGE_STANDARD = gnu99;
				GCC_DYNAMIC_NO_PIC = NO;
				GCC_NO_COMMON_BLOCKS = YES;
				GCC_OPTIMIZATION_LEVEL = 0;
				GCC_PREPROCESSOR_DEFINITIONS = (
					"DEBUG=1",
					"$(inherited)",
				);
				GCC_WARN_64_TO_32_BIT_CONVERSION = YES;
				GCC_WARN_ABOUT_RETURN_TYPE = YES_ERROR;
				GCC_WARN_UNDECLARED_SELECTOR = YES;
				GCC_WARN_UNINITIALIZED_AUTOS = YES_AGGRESSIVE;
				GCC_WARN_UNUSED_FUNCTION = YES;
				GCC_WARN_UNUSED_VARIABLE = YES;
				IPHONEOS_DEPLOYMENT_TARGET = 9.3;
				MTL_ENABLE_DEBUG_INFO = YES;
				ONLY_ACTIVE_ARCH = YES;
				SDKROOT = iphoneos;
				SWIFT_OPTIMIZATION_LEVEL = "-Onone";
			};
			name = Debug;
		};
		3E9DE10E1D3423A3007B6C87 /* Release */ = {
			isa = XCBuildConfiguration;
			buildSettings = {
				ALWAYS_SEARCH_USER_PATHS = NO;
				CLANG_ANALYZER_NONNULL = YES;
				CLANG_CXX_LANGUAGE_STANDARD = "gnu++0x";
				CLANG_CXX_LIBRARY = "libc++";
				CLANG_ENABLE_MODULES = YES;
				CLANG_ENABLE_OBJC_ARC = YES;
				CLANG_WARN_BOOL_CONVERSION = YES;
				CLANG_WARN_CONSTANT_CONVERSION = YES;
				CLANG_WARN_DIRECT_OBJC_ISA_USAGE = YES_ERROR;
				CLANG_WARN_EMPTY_BODY = YES;
				CLANG_WARN_ENUM_CONVERSION = YES;
				CLANG_WARN_INT_CONVERSION = YES;
				CLANG_WARN_OBJC_ROOT_CLASS = YES_ERROR;
				CLANG_WARN_UNREACHABLE_CODE = YES;
				CLANG_WARN__DUPLICATE_METHOD_MATCH = YES;
				"CODE_SIGN_IDENTITY[sdk=iphoneos*]" = "iPhone Developer";
				COPY_PHASE_STRIP = NO;
				DEBUG_INFORMATION_FORMAT = "dwarf-with-dsym";
				ENABLE_NS_ASSERTIONS = NO;
				ENABLE_STRICT_OBJC_MSGSEND = YES;
				GCC_C_LANGUAGE_STANDARD = gnu99;
				GCC_NO_COMMON_BLOCKS = YES;
				GCC_WARN_64_TO_32_BIT_CONVERSION = YES;
				GCC_WARN_ABOUT_RETURN_TYPE = YES_ERROR;
				GCC_WARN_UNDECLARED_SELECTOR = YES;
				GCC_WARN_UNINITIALIZED_AUTOS = YES_AGGRESSIVE;
				GCC_WARN_UNUSED_FUNCTION = YES;
				GCC_WARN_UNUSED_VARIABLE = YES;
				IPHONEOS_DEPLOYMENT_TARGET = 9.3;
				MTL_ENABLE_DEBUG_INFO = NO;
				SDKROOT = iphoneos;
				VALIDATE_PRODUCT = YES;
			};
			name = Release;
		};
		3E9DE1101D3423A3007B6C87 /* Debug */ = {
			isa = XCBuildConfiguration;
			buildSettings = {
				ASSETCATALOG_COMPILER_APPICON_NAME = AppIcon;
				CODE_SIGN_IDENTITY = "iPhone Developer";
				"CODE_SIGN_IDENTITY[sdk=iphoneos*]" = "iPhone Developer";
				INFOPLIST_FILE = HoppyBunny/Info.plist;
				LD_RUNPATH_SEARCH_PATHS = "$(inherited) @executable_path/Frameworks";
				PRODUCT_BUNDLE_IDENTIFIER = com.HoppyBunny;
				PRODUCT_NAME = "$(TARGET_NAME)";
				PROVISIONING_PROFILE = "";
			};
			name = Debug;
		};
		3E9DE1111D3423A3007B6C87 /* Release */ = {
			isa = XCBuildConfiguration;
			buildSettings = {
				ASSETCATALOG_COMPILER_APPICON_NAME = AppIcon;
				CODE_SIGN_IDENTITY = "iPhone Developer";
				"CODE_SIGN_IDENTITY[sdk=iphoneos*]" = "iPhone Developer";
				INFOPLIST_FILE = HoppyBunny/Info.plist;
				LD_RUNPATH_SEARCH_PATHS = "$(inherited) @executable_path/Frameworks";
				PRODUCT_BUNDLE_IDENTIFIER = com.HoppyBunny;
				PRODUCT_NAME = "$(TARGET_NAME)";
				PROVISIONING_PROFILE = "";
			};
			name = Release;
		};
/* End XCBuildConfiguration section */

/* Begin XCConfigurationList section */
		3E9DE0F41D3423A3007B6C87 /* Build configuration list for PBXProject "HoppyBunny" */ = {
			isa = XCConfigurationList;
			buildConfigurations = (
				3E9DE10D1D3423A3007B6C87 /* Debug */,
				3E9DE10E1D3423A3007B6C87 /* Release */,
			);
			defaultConfigurationIsVisible = 0;
			defaultConfigurationName = Release;
		};
		3E9DE10F1D3423A3007B6C87 /* Build configuration list for PBXNativeTarget "HoppyBunny" */ = {
			isa = XCConfigurationList;
			buildConfigurations = (
				3E9DE1101D3423A3007B6C87 /* Debug */,
				3E9DE1111D3423A3007B6C87 /* Release */,
			);
			defaultConfigurationIsVisible = 0;
			defaultConfigurationName = Release;
		};
/* End XCConfigurationList section */
	};
	rootObject = 3E9DE0F11D3423A3007B6C87 /* Project object */;
}
